
Microsoft Visual Studio Solution File, Format Version 12.00
# Visual Studio Version 17
VisualStudioVersion = 17.7.34009.444
MinimumVisualStudioVersion = 10.0.40219.1
Project("{9A19103F-16F7-4668-BE54-9A1E7A4F7556}") = "ElectronicsTemplateApp", "ElectronicsTemplateApp\ElectronicsTemplateApp.csproj", "{A95E9DD4-FCB1-4246-BCAD-07F21EE3DC71}"
EndProject
Project("{54435603-DBB4-11D2-8724-00A0C9A8B90C}") = "ElectronicsAppSetUp", "ElectronicsAppSetUp\ElectronicsAppSetUp.vdproj", "{C816AFF6-A829-4C27-A496-87C637B636F6}"
EndProject
Global
	GlobalSection(SolutionConfigurationPlatforms) = preSolution
		Debug|Any CPU = Debug|Any CPU
		Release|Any CPU = Release|Any CPU
	EndGlobalSection
	GlobalSection(ProjectConfigurationPlatforms) = postSolution
		{A95E9DD4-FCB1-4246-BCAD-07F21EE3DC71}.Debug|Any CPU.ActiveCfg = Debug|Any CPU
		{A95E9DD4-FCB1-4246-BCAD-07F21EE3DC71}.Debug|Any CPU.Build.0 = Debug|Any CPU
		{A95E9DD4-FCB1-4246-BCAD-07F21EE3DC71}.Release|Any CPU.ActiveCfg = Release|Any CPU
		{A95E9DD4-FCB1-4246-BCAD-07F21EE3DC71}.Release|Any CPU.Build.0 = Release|Any CPU
		{C816AFF6-A829-4C27-A496-87C637B636F6}.Debug|Any CPU.ActiveCfg = Debug
		{C816AFF6-A829-4C27-A496-87C637B636F6}.Release|Any CPU.ActiveCfg = Release
	EndGlobalSection
	GlobalSection(SolutionProperties) = preSolution
		HideSolutionNode = FALSE
	EndGlobalSection
	GlobalSection(ExtensibilityGlobals) = postSolution
		SolutionGuid = {C6362648-C8E5-4857-B6F0-B818DDB5FEEE}
	EndGlobalSection
EndGlobal
